
Microsoft Visual Studio Solution File, Format Version 12.00
# Visual Studio 15
VisualStudioVersion = 15.0.26124.0
MinimumVisualStudioVersion = 15.0.26124.0
Project("{2150E333-8FDC-42A3-9474-1A3956D46DE8}") = "src", "src", "{9A771984-F8FE-49C7-BDF2-7EB5DEC23FDC}"
EndProject
Project("{F2A71F9B-5D33-465A-A702-920D77279786}") = "Infusion", "src\Infusion\Infusion.fsproj", "{8A399D59-0982-4934-87B5-371D22B70033}"
EndProject
Project("{F2A71F9B-5D33-465A-A702-920D77279786}") = "Poet", "src\Poet\Poet.fsproj", "{E5F29BF7-17B6-4B8D-BCE8-1D867CFD90F6}"
EndProject
Global
	GlobalSection(SolutionConfigurationPlatforms) = preSolution
		Debug|Any CPU = Debug|Any CPU
		Debug|x64 = Debug|x64
		Debug|x86 = Debug|x86
		Release|Any CPU = Release|Any CPU
		Release|x64 = Release|x64
		Release|x86 = Release|x86
	EndGlobalSection
	GlobalSection(SolutionProperties) = preSolution
		HideSolutionNode = FALSE
	EndGlobalSection
	GlobalSection(ProjectConfigurationPlatforms) = postSolution
		{8A399D59-0982-4934-87B5-371D22B70033}.Debug|Any CPU.ActiveCfg = Debug|Any CPU
		{8A399D59-0982-4934-87B5-371D22B70033}.Debug|Any CPU.Build.0 = Debug|Any CPU
		{8A399D59-0982-4934-87B5-371D22B70033}.Debug|x64.ActiveCfg = Debug|Any CPU
		{8A399D59-0982-4934-87B5-371D22B70033}.Debug|x64.Build.0 = Debug|Any CPU
		{8A399D59-0982-4934-87B5-371D22B70033}.Debug|x86.ActiveCfg = Debug|Any CPU
		{8A399D59-0982-4934-87B5-371D22B70033}.Debug|x86.Build.0 = Debug|Any CPU
		{8A399D59-0982-4934-87B5-371D22B70033}.Release|Any CPU.ActiveCfg = Release|Any CPU
		{8A399D59-0982-4934-87B5-371D22B70033}.Release|Any CPU.Build.0 = Release|Any CPU
		{8A399D59-0982-4934-87B5-371D22B70033}.Release|x64.ActiveCfg = Release|Any CPU
		{8A399D59-0982-4934-87B5-371D22B70033}.Release|x64.Build.0 = Release|Any CPU
		{8A399D59-0982-4934-87B5-371D22B70033}.Release|x86.ActiveCfg = Release|Any CPU
		{8A399D59-0982-4934-87B5-371D22B70033}.Release|x86.Build.0 = Release|Any CPU
		{E5F29BF7-17B6-4B8D-BCE8-1D867CFD90F6}.Debug|Any CPU.ActiveCfg = Debug|Any CPU
		{E5F29BF7-17B6-4B8D-BCE8-1D867CFD90F6}.Debug|Any CPU.Build.0 = Debug|Any CPU
		{E5F29BF7-17B6-4B8D-BCE8-1D867CFD90F6}.Debug|x64.ActiveCfg = Debug|Any CPU
		{E5F29BF7-17B6-4B8D-BCE8-1D867CFD90F6}.Debug|x64.Build.0 = Debug|Any CPU
		{E5F29BF7-17B6-4B8D-BCE8-1D867CFD90F6}.Debug|x86.ActiveCfg = Debug|Any CPU
		{E5F29BF7-17B6-4B8D-BCE8-1D867CFD90F6}.Debug|x86.Build.0 = Debug|Any CPU
		{E5F29BF7-17B6-4B8D-BCE8-1D867CFD90F6}.Release|Any CPU.ActiveCfg = Release|Any CPU
		{E5F29BF7-17B6-4B8D-BCE8-1D867CFD90F6}.Release|Any CPU.Build.0 = Release|Any CPU
		{E5F29BF7-17B6-4B8D-BCE8-1D867CFD90F6}.Release|x64.ActiveCfg = Release|Any CPU
		{E5F29BF7-17B6-4B8D-BCE8-1D867CFD90F6}.Release|x64.Build.0 = Release|Any CPU
		{E5F29BF7-17B6-4B8D-BCE8-1D867CFD90F6}.Release|x86.ActiveCfg = Release|Any CPU
		{E5F29BF7-17B6-4B8D-BCE8-1D867CFD90F6}.Release|x86.Build.0 = Release|Any CPU
	EndGlobalSection
	GlobalSection(NestedProjects) = preSolution
		{8A399D59-0982-4934-87B5-371D22B70033} = {9A771984-F8FE-49C7-BDF2-7EB5DEC23FDC}
		{E5F29BF7-17B6-4B8D-BCE8-1D867CFD90F6} = {9A771984-F8FE-49C7-BDF2-7EB5DEC23FDC}
	EndGlobalSection
EndGlobal
